// !$*UTF8*$!
{
	archiveVersion = 1;
	classes = {
	};
	objectVersion = 50;
	objects = {

/* Begin PBXBuildFile section */
		A427910B262D450E00AA8BE1 /* Nota.swift in Sources */ = {isa = PBXBuildFile; fileRef = A427910A262D450E00AA8BE1 /* Nota.swift */; };
		A4689EF6262E019A0066E1A9 /* UserDatabase.swift in Sources */ = {isa = PBXBuildFile; fileRef = A4689EF5262E019A0066E1A9 /* UserDatabase.swift */; };
		A4B08DA1262CC618009CCB17 /* AppDelegate.swift in Sources */ = {isa = PBXBuildFile; fileRef = A4B08DA0262CC618009CCB17 /* AppDelegate.swift */; };
		A4B08DA3262CC618009CCB17 /* SceneDelegate.swift in Sources */ = {isa = PBXBuildFile; fileRef = A4B08DA2262CC618009CCB17 /* SceneDelegate.swift */; };
		A4B08DA5262CC618009CCB17 /* ViewController.swift in Sources */ = {isa = PBXBuildFile; fileRef = A4B08DA4262CC618009CCB17 /* ViewController.swift */; };
		A4B08DA8262CC618009CCB17 /* Main.storyboard in Resources */ = {isa = PBXBuildFile; fileRef = A4B08DA6262CC618009CCB17 /* Main.storyboard */; };
		A4B08DAA262CC619009CCB17 /* Assets.xcassets in Resources */ = {isa = PBXBuildFile; fileRef = A4B08DA9262CC619009CCB17 /* Assets.xcassets */; };
		A4B08DAD262CC619009CCB17 /* LaunchScreen.storyboard in Resources */ = {isa = PBXBuildFile; fileRef = A4B08DAB262CC619009CCB17 /* LaunchScreen.storyboard */; };
		A4B08DB8262CC61A009CCB17 /* My_iNotesTests.swift in Sources */ = {isa = PBXBuildFile; fileRef = A4B08DB7262CC61A009CCB17 /* My_iNotesTests.swift */; };
		A4B08DC3262CC61A009CCB17 /* My_iNotesUITests.swift in Sources */ = {isa = PBXBuildFile; fileRef = A4B08DC2262CC61A009CCB17 /* My_iNotesUITests.swift */; };
		A4D63A69262D2CA9007050A2 /* AgregarViewController.swift in Sources */ = {isa = PBXBuildFile; fileRef = A4D63A68262D2CA9007050A2 /* AgregarViewController.swift */; };
		A4D63A6E262D357C007050A2 /* EditarViewController.swift in Sources */ = {isa = PBXBuildFile; fileRef = A4D63A6D262D357C007050A2 /* EditarViewController.swift */; };
/* End PBXBuildFile section */

/* Begin PBXContainerItemProxy section */
		A4B08DB4262CC61A009CCB17 /* PBXContainerItemProxy */ = {
			isa = PBXContainerItemProxy;
			containerPortal = A4B08D95262CC618009CCB17 /* Project object */;
			proxyType = 1;
			remoteGlobalIDString = A4B08D9C262CC618009CCB17;
			remoteInfo = "My iNotes";
		};
		A4B08DBF262CC61A009CCB17 /* PBXContainerItemProxy */ = {
			isa = PBXContainerItemProxy;
			containerPortal = A4B08D95262CC618009CCB17 /* Project object */;
			proxyType = 1;
			remoteGlobalIDString = A4B08D9C262CC618009CCB17;
			remoteInfo = "My iNotes";
		};
/* End PBXContainerItemProxy section */

/* Begin PBXFileReference section */
		A427910A262D450E00AA8BE1 /* Nota.swift */ = {isa = PBXFileReference; lastKnownFileType = sourcecode.swift; path = Nota.swift; sourceTree = "<group>"; };
		A4689EF5262E019A0066E1A9 /* UserDatabase.swift */ = {isa = PBXFileReference; lastKnownFileType = sourcecode.swift; path = UserDatabase.swift; sourceTree = "<group>"; };
		A4B08D9D262CC618009CCB17 /* My iNotes.app */ = {isa = PBXFileReference; explicitFileType = wrapper.application; includeInIndex = 0; path = "My iNotes.app"; sourceTree = BUILT_PRODUCTS_DIR; };
		A4B08DA0262CC618009CCB17 /* AppDelegate.swift */ = {isa = PBXFileReference; lastKnownFileType = sourcecode.swift; path = AppDelegate.swift; sourceTree = "<group>"; };
		A4B08DA2262CC618009CCB17 /* SceneDelegate.swift */ = {isa = PBXFileReference; lastKnownFileType = sourcecode.swift; path = SceneDelegate.swift; sourceTree = "<group>"; };
		A4B08DA4262CC618009CCB17 /* ViewController.swift */ = {isa = PBXFileReference; lastKnownFileType = sourcecode.swift; path = ViewController.swift; sourceTree = "<group>"; };
		A4B08DA7262CC618009CCB17 /* Base */ = {isa = PBXFileReference; lastKnownFileType = file.storyboard; name = Base; path = Base.lproj/Main.storyboard; sourceTree = "<group>"; };
		A4B08DA9262CC619009CCB17 /* Assets.xcassets */ = {isa = PBXFileReference; lastKnownFileType = folder.assetcatalog; path = Assets.xcassets; sourceTree = "<group>"; };
		A4B08DAC262CC619009CCB17 /* Base */ = {isa = PBXFileReference; lastKnownFileType = file.storyboard; name = Base; path = Base.lproj/LaunchScreen.storyboard; sourceTree = "<group>"; };
		A4B08DAE262CC619009CCB17 /* Info.plist */ = {isa = PBXFileReference; lastKnownFileType = text.plist.xml; path = Info.plist; sourceTree = "<group>"; };
		A4B08DB3262CC61A009CCB17 /* My iNotesTests.xctest */ = {isa = PBXFileReference; explicitFileType = wrapper.cfbundle; includeInIndex = 0; path = "My iNotesTests.xctest"; sourceTree = BUILT_PRODUCTS_DIR; };
		A4B08DB7262CC61A009CCB17 /* My_iNotesTests.swift */ = {isa = PBXFileReference; lastKnownFileType = sourcecode.swift; path = My_iNotesTests.swift; sourceTree = "<group>"; };
		A4B08DB9262CC61A009CCB17 /* Info.plist */ = {isa = PBXFileReference; lastKnownFileType = text.plist.xml; path = Info.plist; sourceTree = "<group>"; };
		A4B08DBE262CC61A009CCB17 /* My iNotesUITests.xctest */ = {isa = PBXFileReference; explicitFileType = wrapper.cfbundle; includeInIndex = 0; path = "My iNotesUITests.xctest"; sourceTree = BUILT_PRODUCTS_DIR; };
		A4B08DC2262CC61A009CCB17 /* My_iNotesUITests.swift */ = {isa = PBXFileReference; lastKnownFileType = sourcecode.swift; path = My_iNotesUITests.swift; sourceTree = "<group>"; };
		A4B08DC4262CC61A009CCB17 /* Info.plist */ = {isa = PBXFileReference; lastKnownFileType = text.plist.xml; path = Info.plist; sourceTree = "<group>"; };
		A4D63A68262D2CA9007050A2 /* AgregarViewController.swift */ = {isa = PBXFileReference; lastKnownFileType = sourcecode.swift; path = AgregarViewController.swift; sourceTree = "<group>"; };
		A4D63A6D262D357C007050A2 /* EditarViewController.swift */ = {isa = PBXFileReference; lastKnownFileType = sourcecode.swift; path = EditarViewController.swift; sourceTree = "<group>"; };
/* End PBXFileReference section */

/* Begin PBXFrameworksBuildPhase section */
		A4B08D9A262CC618009CCB17 /* Frameworks */ = {
			isa = PBXFrameworksBuildPhase;
			buildActionMask = 2147483647;
			files = (
			);
			runOnlyForDeploymentPostprocessing = 0;
		};
		A4B08DB0262CC61A009CCB17 /* Frameworks */ = {
			isa = PBXFrameworksBuildPhase;
			buildActionMask = 2147483647;
			files = (
			);
			runOnlyForDeploymentPostprocessing = 0;
		};
		A4B08DBB262CC61A009CCB17 /* Frameworks */ = {
			isa = PBXFrameworksBuildPhase;
			buildActionMask = 2147483647;
			files = (
			);
			runOnlyForDeploymentPostprocessing = 0;
		};
/* End PBXFrameworksBuildPhase section */

/* Begin PBXGroup section */
		A4B08D94262CC618009CCB17 = {
			isa = PBXGroup;
			children = (
				A4B08D9F262CC618009CCB17 /* My iNotes */,
				A4B08DB6262CC61A009CCB17 /* My iNotesTests */,
				A4B08DC1262CC61A009CCB17 /* My iNotesUITests */,
				A4B08D9E262CC618009CCB17 /* Products */,
			);
			sourceTree = "<group>";
		};
		A4B08D9E262CC618009CCB17 /* Products */ = {
			isa = PBXGroup;
			children = (
				A4B08D9D262CC618009CCB17 /* My iNotes.app */,
				A4B08DB3262CC61A009CCB17 /* My iNotesTests.xctest */,
				A4B08DBE262CC61A009CCB17 /* My iNotesUITests.xctest */,
			);
			name = Products;
			sourceTree = "<group>";
		};
		A4B08D9F262CC618009CCB17 /* My iNotes */ = {
			isa = PBXGroup;
			children = (
				A4B08DA0262CC618009CCB17 /* AppDelegate.swift */,
				A4B08DA2262CC618009CCB17 /* SceneDelegate.swift */,
				A4B08DA4262CC618009CCB17 /* ViewController.swift */,
				A4B08DA6262CC618009CCB17 /* Main.storyboard */,
				A4B08DA9262CC619009CCB17 /* Assets.xcassets */,
				A4B08DAB262CC619009CCB17 /* LaunchScreen.storyboard */,
				A4B08DAE262CC619009CCB17 /* Info.plist */,
				A4D63A68262D2CA9007050A2 /* AgregarViewController.swift */,
				A4D63A6D262D357C007050A2 /* EditarViewController.swift */,
				A427910A262D450E00AA8BE1 /* Nota.swift */,
				A4689EF5262E019A0066E1A9 /* UserDatabase.swift */,
			);
			path = "My iNotes";
			sourceTree = "<group>";
		};
		A4B08DB6262CC61A009CCB17 /* My iNotesTests */ = {
			isa = PBXGroup;
			children = (
				A4B08DB7262CC61A009CCB17 /* My_iNotesTests.swift */,
				A4B08DB9262CC61A009CCB17 /* Info.plist */,
			);
			path = "My iNotesTests";
			sourceTree = "<group>";
		};
		A4B08DC1262CC61A009CCB17 /* My iNotesUITests */ = {
			isa = PBXGroup;
			children = (
				A4B08DC2262CC61A009CCB17 /* My_iNotesUITests.swift */,
				A4B08DC4262CC61A009CCB17 /* Info.plist */,
			);
			path = "My iNotesUITests";
			sourceTree = "<group>";
		};
/* End PBXGroup section */

/* Begin PBXNativeTarget section */
		A4B08D9C262CC618009CCB17 /* My iNotes */ = {
			isa = PBXNativeTarget;
			buildConfigurationList = A4B08DC7262CC61A009CCB17 /* Build configuration list for PBXNativeTarget "My iNotes" */;
			buildPhases = (
				A4B08D99262CC618009CCB17 /* Sources */,
				A4B08D9A262CC618009CCB17 /* Frameworks */,
				A4B08D9B262CC618009CCB17 /* Resources */,
			);
			buildRules = (
			);
			dependencies = (
			);
			name = "My iNotes";
			productName = "My iNotes";
			productReference = A4B08D9D262CC618009CCB17 /* My iNotes.app */;
			productType = "com.apple.product-type.application";
		};
		A4B08DB2262CC61A009CCB17 /* My iNotesTests */ = {
			isa = PBXNativeTarget;
			buildConfigurationList = A4B08DCA262CC61A009CCB17 /* Build configuration list for PBXNativeTarget "My iNotesTests" */;
			buildPhases = (
				A4B08DAF262CC61A009CCB17 /* Sources */,
				A4B08DB0262CC61A009CCB17 /* Frameworks */,
				A4B08DB1262CC61A009CCB17 /* Resources */,
			);
			buildRules = (
			);
			dependencies = (
				A4B08DB5262CC61A009CCB17 /* PBXTargetDependency */,
			);
			name = "My iNotesTests";
			productName = "My iNotesTests";
			productReference = A4B08DB3262CC61A009CCB17 /* My iNotesTests.xctest */;
			productType = "com.apple.product-type.bundle.unit-test";
		};
		A4B08DBD262CC61A009CCB17 /* My iNotesUITests */ = {
			isa = PBXNativeTarget;
			buildConfigurationList = A4B08DCD262CC61A009CCB17 /* Build configuration list for PBXNativeTarget "My iNotesUITests" */;
			buildPhases = (
				A4B08DBA262CC61A009CCB17 /* Sources */,
				A4B08DBB262CC61A009CCB17 /* Frameworks */,
				A4B08DBC262CC61A009CCB17 /* Resources */,
			);
			buildRules = (
			);
			dependencies = (
				A4B08DC0262CC61A009CCB17 /* PBXTargetDependency */,
			);
			name = "My iNotesUITests";
			productName = "My iNotesUITests";
			productReference = A4B08DBE262CC61A009CCB17 /* My iNotesUITests.xctest */;
			productType = "com.apple.product-type.bundle.ui-testing";
		};
/* End PBXNativeTarget section */

/* Begin PBXProject section */
		A4B08D95262CC618009CCB17 /* Project object */ = {
			isa = PBXProject;
			attributes = {
				LastSwiftUpdateCheck = 1240;
				LastUpgradeCheck = 1240;
				TargetAttributes = {
					A4B08D9C262CC618009CCB17 = {
						CreatedOnToolsVersion = 12.4;
					};
					A4B08DB2262CC61A009CCB17 = {
						CreatedOnToolsVersion = 12.4;
						TestTargetID = A4B08D9C262CC618009CCB17;
					};
					A4B08DBD262CC61A009CCB17 = {
						CreatedOnToolsVersion = 12.4;
						TestTargetID = A4B08D9C262CC618009CCB17;
					};
				};
			};
			buildConfigurationList = A4B08D98262CC618009CCB17 /* Build configuration list for PBXProject "My iNotes" */;
			compatibilityVersion = "Xcode 9.3";
			developmentRegion = en;
			hasScannedForEncodings = 0;
			knownRegions = (
				en,
				Base,
			);
			mainGroup = A4B08D94262CC618009CCB17;
			productRefGroup = A4B08D9E262CC618009CCB17 /* Products */;
			projectDirPath = "";
			projectRoot = "";
			targets = (
				A4B08D9C262CC618009CCB17 /* My iNotes */,
				A4B08DB2262CC61A009CCB17 /* My iNotesTests */,
				A4B08DBD262CC61A009CCB17 /* My iNotesUITests */,
			);
		};
/* End PBXProject section */

/* Begin PBXResourcesBuildPhase section */
		A4B08D9B262CC618009CCB17 /* Resources */ = {
			isa = PBXResourcesBuildPhase;
			buildActionMask = 2147483647;
			files = (
				A4B08DAD262CC619009CCB17 /* LaunchScreen.storyboard in Resources */,
				A4B08DAA262CC619009CCB17 /* Assets.xcassets in Resources */,
				A4B08DA8262CC618009CCB17 /* Main.storyboard in Resources */,
			);
			runOnlyForDeploymentPostprocessing = 0;
		};
		A4B08DB1262CC61A009CCB17 /* Resources */ = {
			isa = PBXResourcesBuildPhase;
			buildActionMask = 2147483647;
			files = (
			);
			runOnlyForDeploymentPostprocessing = 0;
		};
		A4B08DBC262CC61A009CCB17 /* Resources */ = {
			isa = PBXResourcesBuildPhase;
			buildActionMask = 2147483647;
			files = (
			);
			runOnlyForDeploymentPostprocessing = 0;
		};
/* End PBXResourcesBuildPhase section */

/* Begin PBXSourcesBuildPhase section */
		A4B08D99262CC618009CCB17 /* Sources */ = {
			isa = PBXSourcesBuildPhase;
			buildActionMask = 2147483647;
			files = (
				A4D63A6E262D357C007050A2 /* EditarViewController.swift in Sources */,
				A4B08DA5262CC618009CCB17 /* ViewController.swift in Sources */,
				A4B08DA1262CC618009CCB17 /* AppDelegate.swift in Sources */,
				A4D63A69262D2CA9007050A2 /* AgregarViewController.swift in Sources */,
				A4B08DA3262CC618009CCB17 /* SceneDelegate.swift in Sources */,
				A4689EF6262E019A0066E1A9 /* UserDatabase.swift in Sources */,
				A427910B262D450E00AA8BE1 /* Nota.swift in Sources */,
			);
			runOnlyForDeploymentPostprocessing = 0;
		};
		A4B08DAF262CC61A009CCB17 /* Sources */ = {
			isa = PBXSourcesBuildPhase;
			buildActionMask = 2147483647;
			files = (
				A4B08DB8262CC61A009CCB17 /* My_iNotesTests.swift in Sources */,
			);
			runOnlyForDeploymentPostprocessing = 0;
		};
		A4B08DBA262CC61A009CCB17 /* Sources */ = {
			isa = PBXSourcesBuildPhase;
			buildActionMask = 2147483647;
			files = (
				A4B08DC3262CC61A009CCB17 /* My_iNotesUITests.swift in Sources */,
			);
			runOnlyForDeploymentPostprocessing = 0;
		};
/* End PBXSourcesBuildPhase section */

/* Begin PBXTargetDependency section */
		A4B08DB5262CC61A009CCB17 /* PBXTargetDependency */ = {
			isa = PBXTargetDependency;
			target = A4B08D9C262CC618009CCB17 /* My iNotes */;
			targetProxy = A4B08DB4262CC61A009CCB17 /* PBXContainerItemProxy */;
		};
		A4B08DC0262CC61A009CCB17 /* PBXTargetDependency */ = {
			isa = PBXTargetDependency;
			target = A4B08D9C262CC618009CCB17 /* My iNotes */;
			targetProxy = A4B08DBF262CC61A009CCB17 /* PBXContainerItemProxy */;
		};
/* End PBXTargetDependency section */

/* Begin PBXVariantGroup section */
		A4B08DA6262CC618009CCB17 /* Main.storyboard */ = {
			isa = PBXVariantGroup;
			children = (
				A4B08DA7262CC618009CCB17 /* Base */,
			);
			name = Main.storyboard;
			sourceTree = "<group>";
		};
		A4B08DAB262CC619009CCB17 /* LaunchScreen.storyboard */ = {
			isa = PBXVariantGroup;
			children = (
				A4B08DAC262CC619009CCB17 /* Base */,
			);
			name = LaunchScreen.storyboard;
			sourceTree = "<group>";
		};
/* End PBXVariantGroup section */

/* Begin XCBuildConfiguration section */
		A4B08DC5262CC61A009CCB17 /* Debug */ = {
			isa = XCBuildConfiguration;
			buildSettings = {
				ALWAYS_SEARCH_USER_PATHS = NO;
				CLANG_ANALYZER_NONNULL = YES;
				CLANG_ANALYZER_NUMBER_OBJECT_CONVERSION = YES_AGGRESSIVE;
				CLANG_CXX_LANGUAGE_STANDARD = "gnu++14";
				CLANG_CXX_LIBRARY = "libc++";
				CLANG_ENABLE_MODULES = YES;
				CLANG_ENABLE_OBJC_ARC = YES;
				CLANG_ENABLE_OBJC_WEAK = YES;
				CLANG_WARN_BLOCK_CAPTURE_AUTORELEASING = YES;
				CLANG_WARN_BOOL_CONVERSION = YES;
				CLANG_WARN_COMMA = YES;
				CLANG_WARN_CONSTANT_CONVERSION = YES;
				CLANG_WARN_DEPRECATED_OBJC_IMPLEMENTATIONS = YES;
				CLANG_WARN_DIRECT_OBJC_ISA_USAGE = YES_ERROR;
				CLANG_WARN_DOCUMENTATION_COMMENTS = YES;
				CLANG_WARN_EMPTY_BODY = YES;
				CLANG_WARN_ENUM_CONVERSION = YES;
				CLANG_WARN_INFINITE_RECURSION = YES;
				CLANG_WARN_INT_CONVERSION = YES;
				CLANG_WARN_NON_LITERAL_NULL_CONVERSION = YES;
				CLANG_WARN_OBJC_IMPLICIT_RETAIN_SELF = YES;
				CLANG_WARN_OBJC_LITERAL_CONVERSION = YES;
				CLANG_WARN_OBJC_ROOT_CLASS = YES_ERROR;
				CLANG_WARN_QUOTED_INCLUDE_IN_FRAMEWORK_HEADER = YES;
				CLANG_WARN_RANGE_LOOP_ANALYSIS = YES;
				CLANG_WARN_STRICT_PROTOTYPES = YES;
				CLANG_WARN_SUSPICIOUS_MOVE = YES;
				CLANG_WARN_UNGUARDED_AVAILABILITY = YES_AGGRESSIVE;
				CLANG_WARN_UNREACHABLE_CODE = YES;
				CLANG_WARN__DUPLICATE_METHOD_MATCH = YES;
				COPY_PHASE_STRIP = NO;
				DEBUG_INFORMATION_FORMAT = dwarf;
				ENABLE_STRICT_OBJC_MSGSEND = YES;
				ENABLE_TESTABILITY = YES;
				GCC_C_LANGUAGE_STANDARD = gnu11;
				GCC_DYNAMIC_NO_PIC = NO;
				GCC_NO_COMMON_BLOCKS = YES;
				GCC_OPTIMIZATION_LEVEL = 0;
				GCC_PREPROCESSOR_DEFINITIONS = (
					"DEBUG=1",
					"$(inherited)",
				);
				GCC_WARN_64_TO_32_BIT_CONVERSION = YES;
				GCC_WARN_ABOUT_RETURN_TYPE = YES_ERROR;
				GCC_WARN_UNDECLARED_SELECTOR = YES;
				GCC_WARN_UNINITIALIZED_AUTOS = YES_AGGRESSIVE;
				GCC_WARN_UNUSED_FUNCTION = YES;
				GCC_WARN_UNUSED_VARIABLE = YES;
				IPHONEOS_DEPLOYMENT_TARGET = 14.4;
				MTL_ENABLE_DEBUG_INFO = INCLUDE_SOURCE;
				MTL_FAST_MATH = YES;
				ONLY_ACTIVE_ARCH = YES;
				SDKROOT = iphoneos;
				SWIFT_ACTIVE_COMPILATION_CONDITIONS = DEBUG;
				SWIFT_OPTIMIZATION_LEVEL = "-Onone";
			};
			name = Debug;
		};
		A4B08DC6262CC61A009CCB17 /* Release */ = {
			isa = XCBuildConfiguration;
			buildSettings = {
				ALWAYS_SEARCH_USER_PATHS = NO;
				CLANG_ANALYZER_NONNULL = YES;
				CLANG_ANALYZER_NUMBER_OBJECT_CONVERSION = YES_AGGRESSIVE;
				CLANG_CXX_LANGUAGE_STANDARD = "gnu++14";
				CLANG_CXX_LIBRARY = "libc++";
				CLANG_ENABLE_MODULES = YES;
				CLANG_ENABLE_OBJC_ARC = YES;
				CLANG_ENABLE_OBJC_WEAK = YES;
				CLANG_WARN_BLOCK_CAPTURE_AUTORELEASING = YES;
				CLANG_WARN_BOOL_CONVERSION = YES;
				CLANG_WARN_COMMA = YES;
				CLANG_WARN_CONSTANT_CONVERSION = YES;
				CLANG_WARN_DEPRECATED_OBJC_IMPLEMENTATIONS = YES;
				CLANG_WARN_DIRECT_OBJC_ISA_USAGE = YES_ERROR;
				CLANG_WARN_DOCUMENTATION_COMMENTS = YES;
				CLANG_WARN_EMPTY_BODY = YES;
				CLANG_WARN_ENUM_CONVERSION = YES;
				CLANG_WARN_INFINITE_RECURSION = YES;
				CLANG_WARN_INT_CONVERSION = YES;
				CLANG_WARN_NON_LITERAL_NULL_CONVERSION = YES;
				CLANG_WARN_OBJC_IMPLICIT_RETAIN_SELF = YES;
				CLANG_WARN_OBJC_LITERAL_CONVERSION = YES;
				CLANG_WARN_OBJC_ROOT_CLASS = YES_ERROR;
				CLANG_WARN_QUOTED_INCLUDE_IN_FRAMEWORK_HEADER = YES;
				CLANG_WARN_RANGE_LOOP_ANALYSIS = YES;
				CLANG_WARN_STRICT_PROTOTYPES = YES;
				CLANG_WARN_SUSPICIOUS_MOVE = YES;
				CLANG_WARN_UNGUARDED_AVAILABILITY = YES_AGGRESSIVE;
				CLANG_WARN_UNREACHABLE_CODE = YES;
				CLANG_WARN__DUPLICATE_METHOD_MATCH = YES;
				COPY_PHASE_STRIP = NO;
				DEBUG_INFORMATION_FORMAT = "dwarf-with-dsym";
				ENABLE_NS_ASSERTIONS = NO;
				ENABLE_STRICT_OBJC_MSGSEND = YES;
				GCC_C_LANGUAGE_STANDARD = gnu11;
				GCC_NO_COMMON_BLOCKS = YES;
				GCC_WARN_64_TO_32_BIT_CONVERSION = YES;
				GCC_WARN_ABOUT_RETURN_TYPE = YES_ERROR;
				GCC_WARN_UNDECLARED_SELECTOR = YES;
				GCC_WARN_UNINITIALIZED_AUTOS = YES_AGGRESSIVE;
				GCC_WARN_UNUSED_FUNCTION = YES;
				GCC_WARN_UNUSED_VARIABLE = YES;
				IPHONEOS_DEPLOYMENT_TARGET = 14.4;
				MTL_ENABLE_DEBUG_INFO = NO;
				MTL_FAST_MATH = YES;
				SDKROOT = iphoneos;
				SWIFT_COMPILATION_MODE = wholemodule;
				SWIFT_OPTIMIZATION_LEVEL = "-O";
				VALIDATE_PRODUCT = YES;
			};
			name = Release;
		};
		A4B08DC8262CC61A009CCB17 /* Debug */ = {
			isa = XCBuildConfiguration;
			buildSettings = {
				ASSETCATALOG_COMPILER_APPICON_NAME = AppIcon;
				ASSETCATALOG_COMPILER_GLOBAL_ACCENT_COLOR_NAME = AccentColor;
				CODE_SIGN_STYLE = Automatic;
				DEVELOPMENT_TEAM = QZ3G8593MP;
				INFOPLIST_FILE = "My iNotes/Info.plist";
				LD_RUNPATH_SEARCH_PATHS = (
					"$(inherited)",
					"@executable_path/Frameworks",
				);
				PRODUCT_BUNDLE_IDENTIFIER = "ZamoritaINC.My-iNotes";
				PRODUCT_NAME = "$(TARGET_NAME)";
				SWIFT_VERSION = 5.0;
				TARGETED_DEVICE_FAMILY = "1,2";
			};
			name = Debug;
		};
		A4B08DC9262CC61A009CCB17 /* Release */ = {
			isa = XCBuildConfiguration;
			buildSettings = {
				ASSETCATALOG_COMPILER_APPICON_NAME = AppIcon;
				ASSETCATALOG_COMPILER_GLOBAL_ACCENT_COLOR_NAME = AccentColor;
				CODE_SIGN_STYLE = Automatic;
				DEVELOPMENT_TEAM = QZ3G8593MP;
				INFOPLIST_FILE = "My iNotes/Info.plist";
				LD_RUNPATH_SEARCH_PATHS = (
					"$(inherited)",
					"@executable_path/Frameworks",
				);
				PRODUCT_BUNDLE_IDENTIFIER = "ZamoritaINC.My-iNotes";
				PRODUCT_NAME = "$(TARGET_NAME)";
				SWIFT_VERSION = 5.0;
				TARGETED_DEVICE_FAMILY = "1,2";
			};
			name = Release;
		};
		A4B08DCB262CC61A009CCB17 /* Debug */ = {
			isa = XCBuildConfiguration;
			buildSettings = {
				ALWAYS_EMBED_SWIFT_STANDARD_LIBRARIES = YES;
				BUNDLE_LOADER = "$(TEST_HOST)";
				CODE_SIGN_STYLE = Automatic;
				DEVELOPMENT_TEAM = QZ3G8593MP;
				INFOPLIST_FILE = "My iNotesTests/Info.plist";
				IPHONEOS_DEPLOYMENT_TARGET = 14.4;
				LD_RUNPATH_SEARCH_PATHS = (
					"$(inherited)",
					"@executable_path/Frameworks",
					"@loader_path/Frameworks",
				);
				PRODUCT_BUNDLE_IDENTIFIER = "ZamoritaINC.My-iNotesTests";
				PRODUCT_NAME = "$(TARGET_NAME)";
				SWIFT_VERSION = 5.0;
				TARGETED_DEVICE_FAMILY = "1,2";
				TEST_HOST = "$(BUILT_PRODUCTS_DIR)/My iNotes.app/My iNotes";
			};
			name = Debug;
		};
		A4B08DCC262CC61A009CCB17 /* Release */ = {
			isa = XCBuildConfiguration;
			buildSettings = {
				ALWAYS_EMBED_SWIFT_STANDARD_LIBRARIES = YES;
				BUNDLE_LOADER = "$(TEST_HOST)";
				CODE_SIGN_STYLE = Automatic;
				DEVELOPMENT_TEAM = QZ3G8593MP;
				INFOPLIST_FILE = "My iNotesTests/Info.plist";
				IPHONEOS_DEPLOYMENT_TARGET = 14.4;
				LD_RUNPATH_SEARCH_PATHS = (
					"$(inherited)",
					"@executable_path/Frameworks",
					"@loader_path/Frameworks",
				);
				PRODUCT_BUNDLE_IDENTIFIER = "ZamoritaINC.My-iNotesTests";
				PRODUCT_NAME = "$(TARGET_NAME)";
				SWIFT_VERSION = 5.0;
				TARGETED_DEVICE_FAMILY = "1,2";
				TEST_HOST = "$(BUILT_PRODUCTS_DIR)/My iNotes.app/My iNotes";
			};
			name = Release;
		};
		A4B08DCE262CC61A009CCB17 /* Debug */ = {
			isa = XCBuildConfiguration;
			buildSettings = {
				ALWAYS_EMBED_SWIFT_STANDARD_LIBRARIES = YES;
				CODE_SIGN_STYLE = Automatic;
				DEVELOPMENT_TEAM = QZ3G8593MP;
				INFOPLIST_FILE = "My iNotesUITests/Info.plist";
				LD_RUNPATH_SEARCH_PATHS = (
					"$(inherited)",
					"@executable_path/Frameworks",
					"@loader_path/Frameworks",
				);
				PRODUCT_BUNDLE_IDENTIFIER = "ZamoritaINC.My-iNotesUITests";
				PRODUCT_NAME = "$(TARGET_NAME)";
				SWIFT_VERSION = 5.0;
				TARGETED_DEVICE_FAMILY = "1,2";
				TEST_TARGET_NAME = "My iNotes";
			};
			name = Debug;
		};
		A4B08DCF262CC61A009CCB17 /* Release */ = {
			isa = XCBuildConfiguration;
			buildSettings = {
				ALWAYS_EMBED_SWIFT_STANDARD_LIBRARIES = YES;
				CODE_SIGN_STYLE = Automatic;
				DEVELOPMENT_TEAM = QZ3G8593MP;
				INFOPLIST_FILE = "My iNotesUITests/Info.plist";
				LD_RUNPATH_SEARCH_PATHS = (
					"$(inherited)",
					"@executable_path/Frameworks",
					"@loader_path/Frameworks",
				);
				PRODUCT_BUNDLE_IDENTIFIER = "ZamoritaINC.My-iNotesUITests";
				PRODUCT_NAME = "$(TARGET_NAME)";
				SWIFT_VERSION = 5.0;
				TARGETED_DEVICE_FAMILY = "1,2";
				TEST_TARGET_NAME = "My iNotes";
			};
			name = Release;
		};
/* End XCBuildConfiguration section */

/* Begin XCConfigurationList section */
		A4B08D98262CC618009CCB17 /* Build configuration list for PBXProject "My iNotes" */ = {
			isa = XCConfigurationList;
			buildConfigurations = (
				A4B08DC5262CC61A009CCB17 /* Debug */,
				A4B08DC6262CC61A009CCB17 /* Release */,
			);
			defaultConfigurationIsVisible = 0;
			defaultConfigurationName = Release;
		};
		A4B08DC7262CC61A009CCB17 /* Build configuration list for PBXNativeTarget "My iNotes" */ = {
			isa = XCConfigurationList;
			buildConfigurations = (
				A4B08DC8262CC61A009CCB17 /* Debug */,
				A4B08DC9262CC61A009CCB17 /* Release */,
			);
			defaultConfigurationIsVisible = 0;
			defaultConfigurationName = Release;
		};
		A4B08DCA262CC61A009CCB17 /* Build configuration list for PBXNativeTarget "My iNotesTests" */ = {
			isa = XCConfigurationList;
			buildConfigurations = (
				A4B08DCB262CC61A009CCB17 /* Debug */,
				A4B08DCC262CC61A009CCB17 /* Release */,
			);
			defaultConfigurationIsVisible = 0;
			defaultConfigurationName = Release;
		};
		A4B08DCD262CC61A009CCB17 /* Build configuration list for PBXNativeTarget "My iNotesUITests" */ = {
			isa = XCConfigurationList;
			buildConfigurations = (
				A4B08DCE262CC61A009CCB17 /* Debug */,
				A4B08DCF262CC61A009CCB17 /* Release */,
			);
			defaultConfigurationIsVisible = 0;
			defaultConfigurationName = Release;
		};
/* End XCConfigurationList section */
	};
	rootObject = A4B08D95262CC618009CCB17 /* Project object */;
}
